// !$*UTF8*$!
{
	archiveVersion = 1;
	classes = {
	};
	objectVersion = 50;
	objects = {

/* Begin PBXBuildFile section */
		9DE30B032209369F005AF2FC /* AppDelegate.swift in Sources */ = {isa = PBXBuildFile; fileRef = 9DE30B022209369F005AF2FC /* AppDelegate.swift */; };
		9DE30B052209369F005AF2FC /* Document.swift in Sources */ = {isa = PBXBuildFile; fileRef = 9DE30B042209369F005AF2FC /* Document.swift */; };
		9DE30B082209369F005AF2FC /* Document.xib in Resources */ = {isa = PBXBuildFile; fileRef = 9DE30B062209369F005AF2FC /* Document.xib */; };
		9DE30B0A220936A0005AF2FC /* Assets.xcassets in Resources */ = {isa = PBXBuildFile; fileRef = 9DE30B09220936A0005AF2FC /* Assets.xcassets */; };
		9DE30B0D220936A0005AF2FC /* MainMenu.xib in Resources */ = {isa = PBXBuildFile; fileRef = 9DE30B0B220936A0005AF2FC /* MainMenu.xib */; };
		9DE30B17220936EF005AF2FC /* MainDocumentWindowController.swift in Sources */ = {isa = PBXBuildFile; fileRef = 9DE30B16220936EF005AF2FC /* MainDocumentWindowController.swift */; };
		9DE30B1922095814005AF2FC /* CPU.swift in Sources */ = {isa = PBXBuildFile; fileRef = 9DE30B1822095814005AF2FC /* CPU.swift */; };
		9DE30B1B22095846005AF2FC /* Registers.swift in Sources */ = {isa = PBXBuildFile; fileRef = 9DE30B1A22095846005AF2FC /* Registers.swift */; };
		9DE30B1D22095A17005AF2FC /* Flags.swift in Sources */ = {isa = PBXBuildFile; fileRef = 9DE30B1C22095A17005AF2FC /* Flags.swift */; };
		9DE30B1F22095A66005AF2FC /* Instruction.swift in Sources */ = {isa = PBXBuildFile; fileRef = 9DE30B1E22095A66005AF2FC /* Instruction.swift */; };
		9DE30B2122096314005AF2FC /* Assembler.swift in Sources */ = {isa = PBXBuildFile; fileRef = 9DE30B2022096314005AF2FC /* Assembler.swift */; };
		9DE30B2422096E94005AF2FC /* Statement.swift in Sources */ = {isa = PBXBuildFile; fileRef = 9DE30B2322096E94005AF2FC /* Statement.swift */; };
		9DE30B272209738C005AF2FC /* RegistersViewController.swift in Sources */ = {isa = PBXBuildFile; fileRef = 9DE30B252209738C005AF2FC /* RegistersViewController.swift */; };
		9DE30B282209738C005AF2FC /* RegistersView.xib in Resources */ = {isa = PBXBuildFile; fileRef = 9DE30B262209738C005AF2FC /* RegistersView.xib */; };
		9DE30B2F220978A8005AF2FC /* CPUStatusWindowController.swift in Sources */ = {isa = PBXBuildFile; fileRef = 9DE30B2D220978A8005AF2FC /* CPUStatusWindowController.swift */; };
		9DE30B30220978A8005AF2FC /* CPUStatusWindow.xib in Resources */ = {isa = PBXBuildFile; fileRef = 9DE30B2E220978A8005AF2FC /* CPUStatusWindow.xib */; };
		9DE30B33220A466F005AF2FC /* DocumentController.swift in Sources */ = {isa = PBXBuildFile; fileRef = 9DE30B32220A466F005AF2FC /* DocumentController.swift */; };
		9DE30B36220A52ED005AF2FC /* FlagsViewController.swift in Sources */ = {isa = PBXBuildFile; fileRef = 9DE30B34220A52ED005AF2FC /* FlagsViewController.swift */; };
		9DE30B39220A5311005AF2FC /* FlagsView.xib in Resources */ = {isa = PBXBuildFile; fileRef = 9DE30B38220A5311005AF2FC /* FlagsView.xib */; };
		9DE30B3C220A5BD3005AF2FC /* LineNumberRulerView.swift in Sources */ = {isa = PBXBuildFile; fileRef = 9DE30B3B220A5BD3005AF2FC /* LineNumberRulerView.swift */; };
/* End PBXBuildFile section */

/* Begin PBXFileReference section */
		9DE30AFF2209369F005AF2FC /* ORS-1.app */ = {isa = PBXFileReference; explicitFileType = wrapper.application; includeInIndex = 0; path = "ORS-1.app"; sourceTree = BUILT_PRODUCTS_DIR; };
		9DE30B022209369F005AF2FC /* AppDelegate.swift */ = {isa = PBXFileReference; lastKnownFileType = sourcecode.swift; path = AppDelegate.swift; sourceTree = "<group>"; };
		9DE30B042209369F005AF2FC /* Document.swift */ = {isa = PBXFileReference; lastKnownFileType = sourcecode.swift; path = Document.swift; sourceTree = "<group>"; };
		9DE30B072209369F005AF2FC /* Base */ = {isa = PBXFileReference; lastKnownFileType = file.xib; name = Base; path = Base.lproj/Document.xib; sourceTree = "<group>"; };
		9DE30B09220936A0005AF2FC /* Assets.xcassets */ = {isa = PBXFileReference; lastKnownFileType = folder.assetcatalog; path = Assets.xcassets; sourceTree = "<group>"; };
		9DE30B0C220936A0005AF2FC /* Base */ = {isa = PBXFileReference; lastKnownFileType = file.xib; name = Base; path = Base.lproj/MainMenu.xib; sourceTree = "<group>"; };
		9DE30B0E220936A0005AF2FC /* Info.plist */ = {isa = PBXFileReference; lastKnownFileType = text.plist.xml; path = Info.plist; sourceTree = "<group>"; };
		9DE30B0F220936A0005AF2FC /* ORS_1.entitlements */ = {isa = PBXFileReference; lastKnownFileType = text.plist.entitlements; path = ORS_1.entitlements; sourceTree = "<group>"; };
		9DE30B16220936EF005AF2FC /* MainDocumentWindowController.swift */ = {isa = PBXFileReference; lastKnownFileType = sourcecode.swift; path = MainDocumentWindowController.swift; sourceTree = "<group>"; };
		9DE30B1822095814005AF2FC /* CPU.swift */ = {isa = PBXFileReference; lastKnownFileType = sourcecode.swift; path = CPU.swift; sourceTree = "<group>"; };
		9DE30B1A22095846005AF2FC /* Registers.swift */ = {isa = PBXFileReference; lastKnownFileType = sourcecode.swift; path = Registers.swift; sourceTree = "<group>"; };
		9DE30B1C22095A17005AF2FC /* Flags.swift */ = {isa = PBXFileReference; lastKnownFileType = sourcecode.swift; path = Flags.swift; sourceTree = "<group>"; };
		9DE30B1E22095A66005AF2FC /* Instruction.swift */ = {isa = PBXFileReference; lastKnownFileType = sourcecode.swift; path = Instruction.swift; sourceTree = "<group>"; };
		9DE30B2022096314005AF2FC /* Assembler.swift */ = {isa = PBXFileReference; lastKnownFileType = sourcecode.swift; path = Assembler.swift; sourceTree = "<group>"; };
		9DE30B222209685C005AF2FC /* ORS-1.entitlements */ = {isa = PBXFileReference; lastKnownFileType = text.plist.entitlements; path = "ORS-1.entitlements"; sourceTree = "<group>"; };
		9DE30B2322096E94005AF2FC /* Statement.swift */ = {isa = PBXFileReference; lastKnownFileType = sourcecode.swift; path = Statement.swift; sourceTree = "<group>"; };
		9DE30B252209738C005AF2FC /* RegistersViewController.swift */ = {isa = PBXFileReference; lastKnownFileType = sourcecode.swift; path = RegistersViewController.swift; sourceTree = "<group>"; };
		9DE30B262209738C005AF2FC /* RegistersView.xib */ = {isa = PBXFileReference; lastKnownFileType = file.xib; path = RegistersView.xib; sourceTree = "<group>"; };
		9DE30B2D220978A8005AF2FC /* CPUStatusWindowController.swift */ = {isa = PBXFileReference; lastKnownFileType = sourcecode.swift; path = CPUStatusWindowController.swift; sourceTree = "<group>"; };
		9DE30B2E220978A8005AF2FC /* CPUStatusWindow.xib */ = {isa = PBXFileReference; lastKnownFileType = file.xib; path = CPUStatusWindow.xib; sourceTree = "<group>"; };
		9DE30B32220A466F005AF2FC /* DocumentController.swift */ = {isa = PBXFileReference; lastKnownFileType = sourcecode.swift; path = DocumentController.swift; sourceTree = "<group>"; };
		9DE30B34220A52ED005AF2FC /* FlagsViewController.swift */ = {isa = PBXFileReference; lastKnownFileType = sourcecode.swift; path = FlagsViewController.swift; sourceTree = "<group>"; };
		9DE30B38220A5311005AF2FC /* FlagsView.xib */ = {isa = PBXFileReference; fileEncoding = 4; lastKnownFileType = file.xib; path = FlagsView.xib; sourceTree = "<group>"; };
		9DE30B3B220A5BD3005AF2FC /* LineNumberRulerView.swift */ = {isa = PBXFileReference; lastKnownFileType = sourcecode.swift; path = LineNumberRulerView.swift; sourceTree = "<group>"; };
/* End PBXFileReference section */

/* Begin PBXFrameworksBuildPhase section */
		9DE30AFC2209369F005AF2FC /* Frameworks */ = {
			isa = PBXFrameworksBuildPhase;
			buildActionMask = 2147483647;
			files = (
			);
			runOnlyForDeploymentPostprocessing = 0;
		};
/* End PBXFrameworksBuildPhase section */

/* Begin PBXGroup section */
		9DE30AF62209369F005AF2FC = {
			isa = PBXGroup;
			children = (
				9DE30B222209685C005AF2FC /* ORS-1.entitlements */,
				9DE30B012209369F005AF2FC /* Sources */,
				9DE30B15220936AD005AF2FC /* Resources */,
				9DE30B002209369F005AF2FC /* Products */,
			);
			sourceTree = "<group>";
		};
		9DE30B002209369F005AF2FC /* Products */ = {
			isa = PBXGroup;
			children = (
				9DE30AFF2209369F005AF2FC /* ORS-1.app */,
			);
			name = Products;
			sourceTree = "<group>";
		};
		9DE30B012209369F005AF2FC /* Sources */ = {
			isa = PBXGroup;
			children = (
				9DE30B022209369F005AF2FC /* AppDelegate.swift */,
				9DE30B2C22097477005AF2FC /* Model */,
				9DE30B3A220A5B70005AF2FC /* Views */,
				9DE30B292209745B005AF2FC /* UI Controllers */,
				9DE30B2A2209746C005AF2FC /* CPU */,
				9DE30B2B22097470005AF2FC /* Assembler */,
			);
			path = Sources;
			sourceTree = "<group>";
		};
		9DE30B15220936AD005AF2FC /* Resources */ = {
			isa = PBXGroup;
			children = (
				9DE30B31220978AE005AF2FC /* XIBs */,
				9DE30B09220936A0005AF2FC /* Assets.xcassets */,
				9DE30B0E220936A0005AF2FC /* Info.plist */,
				9DE30B0F220936A0005AF2FC /* ORS_1.entitlements */,
			);
			path = Resources;
			sourceTree = "<group>";
		};
		9DE30B292209745B005AF2FC /* UI Controllers */ = {
			isa = PBXGroup;
			children = (
				9DE30B16220936EF005AF2FC /* MainDocumentWindowController.swift */,
				9DE30B2D220978A8005AF2FC /* CPUStatusWindowController.swift */,
				9DE30B252209738C005AF2FC /* RegistersViewController.swift */,
				9DE30B34220A52ED005AF2FC /* FlagsViewController.swift */,
			);
			path = "UI Controllers";
			sourceTree = "<group>";
		};
		9DE30B2A2209746C005AF2FC /* CPU */ = {
			isa = PBXGroup;
			children = (
				9DE30B1822095814005AF2FC /* CPU.swift */,
				9DE30B1A22095846005AF2FC /* Registers.swift */,
				9DE30B1C22095A17005AF2FC /* Flags.swift */,
				9DE30B1E22095A66005AF2FC /* Instruction.swift */,
			);
			path = CPU;
			sourceTree = "<group>";
		};
		9DE30B2B22097470005AF2FC /* Assembler */ = {
			isa = PBXGroup;
			children = (
				9DE30B2322096E94005AF2FC /* Statement.swift */,
				9DE30B2022096314005AF2FC /* Assembler.swift */,
			);
			path = Assembler;
			sourceTree = "<group>";
		};
		9DE30B2C22097477005AF2FC /* Model */ = {
			isa = PBXGroup;
			children = (
				9DE30B32220A466F005AF2FC /* DocumentController.swift */,
				9DE30B042209369F005AF2FC /* Document.swift */,
			);
			path = Model;
			sourceTree = "<group>";
		};
		9DE30B31220978AE005AF2FC /* XIBs */ = {
			isa = PBXGroup;
			children = (
				9DE30B0B220936A0005AF2FC /* MainMenu.xib */,
				9DE30B062209369F005AF2FC /* Document.xib */,
				9DE30B2E220978A8005AF2FC /* CPUStatusWindow.xib */,
				9DE30B262209738C005AF2FC /* RegistersView.xib */,
				9DE30B38220A5311005AF2FC /* FlagsView.xib */,
			);
			path = XIBs;
			sourceTree = "<group>";
		};
		9DE30B3A220A5B70005AF2FC /* Views */ = {
			isa = PBXGroup;
			children = (
				9DE30B3B220A5BD3005AF2FC /* LineNumberRulerView.swift */,
			);
			path = Views;
			sourceTree = "<group>";
		};
/* End PBXGroup section */

/* Begin PBXNativeTarget section */
		9DE30AFE2209369F005AF2FC /* ORS-1 */ = {
			isa = PBXNativeTarget;
			buildConfigurationList = 9DE30B12220936A0005AF2FC /* Build configuration list for PBXNativeTarget "ORS-1" */;
			buildPhases = (
				9DE30AFB2209369F005AF2FC /* Sources */,
				9DE30AFC2209369F005AF2FC /* Frameworks */,
				9DE30AFD2209369F005AF2FC /* Resources */,
			);
			buildRules = (
			);
			dependencies = (
			);
			name = "ORS-1";
			productName = "ORS-1";
			productReference = 9DE30AFF2209369F005AF2FC /* ORS-1.app */;
			productType = "com.apple.product-type.application";
		};
/* End PBXNativeTarget section */

/* Begin PBXProject section */
		9DE30AF72209369F005AF2FC /* Project object */ = {
			isa = PBXProject;
			attributes = {
				LastSwiftUpdateCheck = 1010;
				LastUpgradeCheck = 1010;
				ORGANIZATIONNAME = "Open Reel Software";
				TargetAttributes = {
					9DE30AFE2209369F005AF2FC = {
						CreatedOnToolsVersion = 10.1;
						SystemCapabilities = {
							com.apple.Sandbox = {
								enabled = 1;
							};
						};
					};
				};
			};
			buildConfigurationList = 9DE30AFA2209369F005AF2FC /* Build configuration list for PBXProject "ORS-1" */;
			compatibilityVersion = "Xcode 9.3";
			developmentRegion = en;
			hasScannedForEncodings = 0;
			knownRegions = (
				en,
				Base,
			);
			mainGroup = 9DE30AF62209369F005AF2FC;
			productRefGroup = 9DE30B002209369F005AF2FC /* Products */;
			projectDirPath = "";
			projectRoot = "";
			targets = (
				9DE30AFE2209369F005AF2FC /* ORS-1 */,
			);
		};
/* End PBXProject section */

/* Begin PBXResourcesBuildPhase section */
		9DE30AFD2209369F005AF2FC /* Resources */ = {
			isa = PBXResourcesBuildPhase;
			buildActionMask = 2147483647;
			files = (
				9DE30B39220A5311005AF2FC /* FlagsView.xib in Resources */,
				9DE30B0A220936A0005AF2FC /* Assets.xcassets in Resources */,
				9DE30B082209369F005AF2FC /* Document.xib in Resources */,
				9DE30B30220978A8005AF2FC /* CPUStatusWindow.xib in Resources */,
				9DE30B0D220936A0005AF2FC /* MainMenu.xib in Resources */,
				9DE30B282209738C005AF2FC /* RegistersView.xib in Resources */,
			);
			runOnlyForDeploymentPostprocessing = 0;
		};
/* End PBXResourcesBuildPhase section */

/* Begin PBXSourcesBuildPhase section */
		9DE30AFB2209369F005AF2FC /* Sources */ = {
			isa = PBXSourcesBuildPhase;
			buildActionMask = 2147483647;
			files = (
				9DE30B2422096E94005AF2FC /* Statement.swift in Sources */,
				9DE30B2122096314005AF2FC /* Assembler.swift in Sources */,
				9DE30B3C220A5BD3005AF2FC /* LineNumberRulerView.swift in Sources */,
				9DE30B33220A466F005AF2FC /* DocumentController.swift in Sources */,
				9DE30B052209369F005AF2FC /* Document.swift in Sources */,
				9DE30B1B22095846005AF2FC /* Registers.swift in Sources */,
				9DE30B36220A52ED005AF2FC /* FlagsViewController.swift in Sources */,
				9DE30B1922095814005AF2FC /* CPU.swift in Sources */,
				9DE30B2F220978A8005AF2FC /* CPUStatusWindowController.swift in Sources */,
				9DE30B1F22095A66005AF2FC /* Instruction.swift in Sources */,
				9DE30B1D22095A17005AF2FC /* Flags.swift in Sources */,
				9DE30B17220936EF005AF2FC /* MainDocumentWindowController.swift in Sources */,
				9DE30B032209369F005AF2FC /* AppDelegate.swift in Sources */,
				9DE30B272209738C005AF2FC /* RegistersViewController.swift in Sources */,
			);
			runOnlyForDeploymentPostprocessing = 0;
		};
/* End PBXSourcesBuildPhase section */

/* Begin PBXVariantGroup section */
		9DE30B062209369F005AF2FC /* Document.xib */ = {
			isa = PBXVariantGroup;
			children = (
				9DE30B072209369F005AF2FC /* Base */,
			);
			name = Document.xib;
			sourceTree = "<group>";
		};
		9DE30B0B220936A0005AF2FC /* MainMenu.xib */ = {
			isa = PBXVariantGroup;
			children = (
				9DE30B0C220936A0005AF2FC /* Base */,
			);
			name = MainMenu.xib;
			sourceTree = "<group>";
		};
/* End PBXVariantGroup section */

/* Begin XCBuildConfiguration section */
		9DE30B10220936A0005AF2FC /* Debug */ = {
			isa = XCBuildConfiguration;
			buildSettings = {
				ALWAYS_SEARCH_USER_PATHS = NO;
				CLANG_ANALYZER_NONNULL = YES;
				CLANG_ANALYZER_NUMBER_OBJECT_CONVERSION = YES_AGGRESSIVE;
				CLANG_CXX_LANGUAGE_STANDARD = "gnu++14";
				CLANG_CXX_LIBRARY = "libc++";
				CLANG_ENABLE_MODULES = YES;
				CLANG_ENABLE_OBJC_ARC = YES;
				CLANG_ENABLE_OBJC_WEAK = YES;
				CLANG_WARN_BLOCK_CAPTURE_AUTORELEASING = YES;
				CLANG_WARN_BOOL_CONVERSION = YES;
				CLANG_WARN_COMMA = YES;
				CLANG_WARN_CONSTANT_CONVERSION = YES;
				CLANG_WARN_DEPRECATED_OBJC_IMPLEMENTATIONS = YES;
				CLANG_WARN_DIRECT_OBJC_ISA_USAGE = YES_ERROR;
				CLANG_WARN_DOCUMENTATION_COMMENTS = YES;
				CLANG_WARN_EMPTY_BODY = YES;
				CLANG_WARN_ENUM_CONVERSION = YES;
				CLANG_WARN_INFINITE_RECURSION = YES;
				CLANG_WARN_INT_CONVERSION = YES;
				CLANG_WARN_NON_LITERAL_NULL_CONVERSION = YES;
				CLANG_WARN_OBJC_IMPLICIT_RETAIN_SELF = YES;
				CLANG_WARN_OBJC_LITERAL_CONVERSION = YES;
				CLANG_WARN_OBJC_ROOT_CLASS = YES_ERROR;
				CLANG_WARN_RANGE_LOOP_ANALYSIS = YES;
				CLANG_WARN_STRICT_PROTOTYPES = YES;
				CLANG_WARN_SUSPICIOUS_MOVE = YES;
				CLANG_WARN_UNGUARDED_AVAILABILITY = YES_AGGRESSIVE;
				CLANG_WARN_UNREACHABLE_CODE = YES;
				CLANG_WARN__DUPLICATE_METHOD_MATCH = YES;
				CODE_SIGN_IDENTITY = "Mac Developer";
				COPY_PHASE_STRIP = NO;
				DEBUG_INFORMATION_FORMAT = dwarf;
				ENABLE_STRICT_OBJC_MSGSEND = YES;
				ENABLE_TESTABILITY = YES;
				GCC_C_LANGUAGE_STANDARD = gnu11;
				GCC_DYNAMIC_NO_PIC = NO;
				GCC_NO_COMMON_BLOCKS = YES;
				GCC_OPTIMIZATION_LEVEL = 0;
				GCC_PREPROCESSOR_DEFINITIONS = (
					"DEBUG=1",
					"$(inherited)",
				);
				GCC_WARN_64_TO_32_BIT_CONVERSION = YES;
				GCC_WARN_ABOUT_RETURN_TYPE = YES_ERROR;
				GCC_WARN_UNDECLARED_SELECTOR = YES;
				GCC_WARN_UNINITIALIZED_AUTOS = YES_AGGRESSIVE;
				GCC_WARN_UNUSED_FUNCTION = YES;
				GCC_WARN_UNUSED_VARIABLE = YES;
				MACOSX_DEPLOYMENT_TARGET = 10.14;
				MTL_ENABLE_DEBUG_INFO = INCLUDE_SOURCE;
				MTL_FAST_MATH = YES;
				ONLY_ACTIVE_ARCH = YES;
				SDKROOT = macosx;
				SWIFT_ACTIVE_COMPILATION_CONDITIONS = DEBUG;
				SWIFT_OPTIMIZATION_LEVEL = "-Onone";
			};
			name = Debug;
		};
		9DE30B11220936A0005AF2FC /* Release */ = {
			isa = XCBuildConfiguration;
			buildSettings = {
				ALWAYS_SEARCH_USER_PATHS = NO;
				CLANG_ANALYZER_NONNULL = YES;
				CLANG_ANALYZER_NUMBER_OBJECT_CONVERSION = YES_AGGRESSIVE;
				CLANG_CXX_LANGUAGE_STANDARD = "gnu++14";
				CLANG_CXX_LIBRARY = "libc++";
				CLANG_ENABLE_MODULES = YES;
				CLANG_ENABLE_OBJC_ARC = YES;
				CLANG_ENABLE_OBJC_WEAK = YES;
				CLANG_WARN_BLOCK_CAPTURE_AUTORELEASING = YES;
				CLANG_WARN_BOOL_CONVERSION = YES;
				CLANG_WARN_COMMA = YES;
				CLANG_WARN_CONSTANT_CONVERSION = YES;
				CLANG_WARN_DEPRECATED_OBJC_IMPLEMENTATIONS = YES;
				CLANG_WARN_DIRECT_OBJC_ISA_USAGE = YES_ERROR;
				CLANG_WARN_DOCUMENTATION_COMMENTS = YES;
				CLANG_WARN_EMPTY_BODY = YES;
				CLANG_WARN_ENUM_CONVERSION = YES;
				CLANG_WARN_INFINITE_RECURSION = YES;
				CLANG_WARN_INT_CONVERSION = YES;
				CLANG_WARN_NON_LITERAL_NULL_CONVERSION = YES;
				CLANG_WARN_OBJC_IMPLICIT_RETAIN_SELF = YES;
				CLANG_WARN_OBJC_LITERAL_CONVERSION = YES;
				CLANG_WARN_OBJC_ROOT_CLASS = YES_ERROR;
				CLANG_WARN_RANGE_LOOP_ANALYSIS = YES;
				CLANG_WARN_STRICT_PROTOTYPES = YES;
				CLANG_WARN_SUSPICIOUS_MOVE = YES;
				CLANG_WARN_UNGUARDED_AVAILABILITY = YES_AGGRESSIVE;
				CLANG_WARN_UNREACHABLE_CODE = YES;
				CLANG_WARN__DUPLICATE_METHOD_MATCH = YES;
				CODE_SIGN_IDENTITY = "Mac Developer";
				COPY_PHASE_STRIP = NO;
				DEBUG_INFORMATION_FORMAT = "dwarf-with-dsym";
				ENABLE_NS_ASSERTIONS = NO;
				ENABLE_STRICT_OBJC_MSGSEND = YES;
				GCC_C_LANGUAGE_STANDARD = gnu11;
				GCC_NO_COMMON_BLOCKS = YES;
				GCC_WARN_64_TO_32_BIT_CONVERSION = YES;
				GCC_WARN_ABOUT_RETURN_TYPE = YES_ERROR;
				GCC_WARN_UNDECLARED_SELECTOR = YES;
				GCC_WARN_UNINITIALIZED_AUTOS = YES_AGGRESSIVE;
				GCC_WARN_UNUSED_FUNCTION = YES;
				GCC_WARN_UNUSED_VARIABLE = YES;
				MACOSX_DEPLOYMENT_TARGET = 10.14;
				MTL_ENABLE_DEBUG_INFO = NO;
				MTL_FAST_MATH = YES;
				SDKROOT = macosx;
				SWIFT_COMPILATION_MODE = wholemodule;
				SWIFT_OPTIMIZATION_LEVEL = "-O";
			};
			name = Release;
		};
		9DE30B13220936A0005AF2FC /* Debug */ = {
			isa = XCBuildConfiguration;
			buildSettings = {
				ASSETCATALOG_COMPILER_APPICON_NAME = AppIcon;
				CODE_SIGN_ENTITLEMENTS = "ORS-1.entitlements";
				CODE_SIGN_STYLE = Automatic;
				COMBINE_HIDPI_IMAGES = YES;
				DEVELOPMENT_TEAM = 2CX7W99FJ9;
				INFOPLIST_FILE = "$(SRCROOT)/Resources/Info.plist";
				LD_RUNPATH_SEARCH_PATHS = (
					"$(inherited)",
					"@executable_path/../Frameworks",
				);
				PRODUCT_BUNDLE_IDENTIFIER = "com.lambdaschool.ORS-1";
				PRODUCT_NAME = "$(TARGET_NAME)";
				SWIFT_VERSION = 4.2;
			};
			name = Debug;
		};
		9DE30B14220936A0005AF2FC /* Release */ = {
			isa = XCBuildConfiguration;
			buildSettings = {
				ASSETCATALOG_COMPILER_APPICON_NAME = AppIcon;
				CODE_SIGN_ENTITLEMENTS = "ORS-1.entitlements";
				CODE_SIGN_STYLE = Automatic;
				COMBINE_HIDPI_IMAGES = YES;
				DEVELOPMENT_TEAM = 2CX7W99FJ9;
				INFOPLIST_FILE = "$(SRCROOT)/Resources/Info.plist";
				LD_RUNPATH_SEARCH_PATHS = (
					"$(inherited)",
					"@executable_path/../Frameworks",
				);
				PRODUCT_BUNDLE_IDENTIFIER = "com.lambdaschool.ORS-1";
				PRODUCT_NAME = "$(TARGET_NAME)";
				SWIFT_VERSION = 4.2;
			};
			name = Release;
		};
/* End XCBuildConfiguration section */

/* Begin XCConfigurationList section */
		9DE30AFA2209369F005AF2FC /* Build configuration list for PBXProject "ORS-1" */ = {
			isa = XCConfigurationList;
			buildConfigurations = (
				9DE30B10220936A0005AF2FC /* Debug */,
				9DE30B11220936A0005AF2FC /* Release */,
			);
			defaultConfigurationIsVisible = 0;
			defaultConfigurationName = Release;
		};
		9DE30B12220936A0005AF2FC /* Build configuration list for PBXNativeTarget "ORS-1" */ = {
			isa = XCConfigurationList;
			buildConfigurations = (
				9DE30B13220936A0005AF2FC /* Debug */,
				9DE30B14220936A0005AF2FC /* Release */,
			);
			defaultConfigurationIsVisible = 0;
			defaultConfigurationName = Release;
		};
/* End XCConfigurationList section */
	};
	rootObject = 9DE30AF72209369F005AF2FC /* Project object */;
}
